Microsoft Visual Studio Solution File, Format Version 12.00
# Visual Studio 2013
VisualStudioVersion = 12.0.31101.0
MinimumVisualStudioVersion = 10.0.40219.1
Project("{2150E333-8FDC-42A3-9474-1A3956D46DE8}") = "Package", "Package", "{6BA8554E-AE50-49B0-9C98-4592447FEF8D}"
EndProject
Project("{2150E333-8FDC-42A3-9474-1A3956D46DE8}") = "OVSExt", "OVSExt", "{4A841675-477D-40A2-9CC6-128C3B8714F8}"
EndProject
Project("{8BC9CEB8-8B4A-11D0-8D11-00A0C91BC942}") = "package", "Package\package.VcxProj", "{911D7389-3E61-449F-B8F3-14AD7EE9A0F2}"
EndProject
Project("{8BC9CEB8-8B4A-11D0-8D11-00A0C91BC942}") = "ovsext", "ovsext\ovsext.vcxproj", "{63FE215D-98BE-4440-8081-C6160EFB80FA}"
EndProject
Global
	GlobalSection(SolutionConfigurationPlatforms) = preSolution
		Win10Debug|x64 = Win10Debug|x64
		Win10Release|x64 = Win10Release|x64
		Win8.1Analyze|x64 = Win8.1Analyze|x64
		Win8.1Debug|x64 = Win8.1Debug|x64
		Win8.1Release|x64 = Win8.1Release|x64
		Win8Analyze|x64 = Win8Analyze|x64
		Win8Debug|x64 = Win8Debug|x64
		Win8Release|x64 = Win8Release|x64
	EndGlobalSection
	GlobalSection(ProjectConfigurationPlatforms) = postSolution
		{911D7389-3E61-449F-B8F3-14AD7EE9A0F2}.Win10Debug|x64.ActiveCfg = Win10 Debug|x64
		{911D7389-3E61-449F-B8F3-14AD7EE9A0F2}.Win10Debug|x64.Build.0 = Win10 Debug|x64
		{911D7389-3E61-449F-B8F3-14AD7EE9A0F2}.Win10Debug|x64.Deploy.0 = Win10 Debug|x64
		{911D7389-3E61-449F-B8F3-14AD7EE9A0F2}.Win10Release|x64.ActiveCfg = Win10 Release|x64
		{911D7389-3E61-449F-B8F3-14AD7EE9A0F2}.Win10Release|x64.Build.0 = Win10 Release|x64
		{911D7389-3E61-449F-B8F3-14AD7EE9A0F2}.Win10Release|x64.Deploy.0 = Win10 Release|x64
		{911D7389-3E61-449F-B8F3-14AD7EE9A0F2}.Win8.1Analyze|x64.ActiveCfg = Win8.1Analyze|x64
		{911D7389-3E61-449F-B8F3-14AD7EE9A0F2}.Win8.1Analyze|x64.Build.0 = Win8.1Analyze|x64
		{911D7389-3E61-449F-B8F3-14AD7EE9A0F2}.Win8.1Analyze|x64.Deploy.0 = Win8.1Analyze|x64
		{911D7389-3E61-449F-B8F3-14AD7EE9A0F2}.Win8.1Debug|x64.ActiveCfg = Win8.1 Debug|x64
		{911D7389-3E61-449F-B8F3-14AD7EE9A0F2}.Win8.1Debug|x64.Build.0 = Win8.1 Debug|x64
		{911D7389-3E61-449F-B8F3-14AD7EE9A0F2}.Win8.1Release|x64.ActiveCfg = Win8.1 Release|x64
		{911D7389-3E61-449F-B8F3-14AD7EE9A0F2}.Win8.1Release|x64.Build.0 = Win8.1 Release|x64
		{911D7389-3E61-449F-B8F3-14AD7EE9A0F2}.Win8Analyze|x64.ActiveCfg = Win8Analyze|x64
		{911D7389-3E61-449F-B8F3-14AD7EE9A0F2}.Win8Analyze|x64.Build.0 = Win8Analyze|x64
		{911D7389-3E61-449F-B8F3-14AD7EE9A0F2}.Win8Analyze|x64.Deploy.0 = Win8Analyze|x64
		{911D7389-3E61-449F-B8F3-14AD7EE9A0F2}.Win8Debug|x64.ActiveCfg = Win8 Debug|x64
		{911D7389-3E61-449F-B8F3-14AD7EE9A0F2}.Win8Debug|x64.Build.0 = Win8 Debug|x64
		{911D7389-3E61-449F-B8F3-14AD7EE9A0F2}.Win8Release|x64.ActiveCfg = Win8 Release|x64
		{911D7389-3E61-449F-B8F3-14AD7EE9A0F2}.Win8Release|x64.Build.0 = Win8 Release|x64
		{63FE215D-98BE-4440-8081-C6160EFB80FA}.Win10Debug|x64.ActiveCfg = Win10 Debug|x64
		{63FE215D-98BE-4440-8081-C6160EFB80FA}.Win10Debug|x64.Build.0 = Win10 Debug|x64
		{63FE215D-98BE-4440-8081-C6160EFB80FA}.Win10Debug|x64.Deploy.0 = Win10 Debug|x64
		{63FE215D-98BE-4440-8081-C6160EFB80FA}.Win10Release|x64.ActiveCfg = Win10 Release|x64
		{63FE215D-98BE-4440-8081-C6160EFB80FA}.Win10Release|x64.Build.0 = Win10 Release|x64
		{63FE215D-98BE-4440-8081-C6160EFB80FA}.Win10Release|x64.Deploy.0 = Win10 Release|x64
		{63FE215D-98BE-4440-8081-C6160EFB80FA}.Win8.1Analyze|x64.ActiveCfg = Win8.1Analyze|x64
		{63FE215D-98BE-4440-8081-C6160EFB80FA}.Win8.1Analyze|x64.Build.0 = Win8.1Analyze|x64
		{63FE215D-98BE-4440-8081-C6160EFB80FA}.Win8.1Analyze|x64.Deploy.0 = Win8.1Analyze|x64
		{63FE215D-98BE-4440-8081-C6160EFB80FA}.Win8.1Debug|x64.ActiveCfg = Win8.1 Debug|x64
		{63FE215D-98BE-4440-8081-C6160EFB80FA}.Win8.1Debug|x64.Build.0 = Win8.1 Debug|x64
		{63FE215D-98BE-4440-8081-C6160EFB80FA}.Win8.1Debug|x64.Deploy.0 = Win8.1 Debug|x64
		{63FE215D-98BE-4440-8081-C6160EFB80FA}.Win8.1Release|x64.ActiveCfg = Win8.1 Release|x64
		{63FE215D-98BE-4440-8081-C6160EFB80FA}.Win8.1Release|x64.Build.0 = Win8.1 Release|x64
		{63FE215D-98BE-4440-8081-C6160EFB80FA}.Win8.1Release|x64.Deploy.0 = Win8.1 Release|x64
		{63FE215D-98BE-4440-8081-C6160EFB80FA}.Win8Analyze|x64.ActiveCfg = Win8Analyze|x64
		{63FE215D-98BE-4440-8081-C6160EFB80FA}.Win8Analyze|x64.Build.0 = Win8Analyze|x64
		{63FE215D-98BE-4440-8081-C6160EFB80FA}.Win8Analyze|x64.Deploy.0 = Win8Analyze|x64
		{63FE215D-98BE-4440-8081-C6160EFB80FA}.Win8Debug|x64.ActiveCfg = Win8 Debug|x64
		{63FE215D-98BE-4440-8081-C6160EFB80FA}.Win8Debug|x64.Build.0 = Win8 Debug|x64
		{63FE215D-98BE-4440-8081-C6160EFB80FA}.Win8Debug|x64.Deploy.0 = Win8 Debug|x64
		{63FE215D-98BE-4440-8081-C6160EFB80FA}.Win8Release|x64.ActiveCfg = Win8 Release|x64
		{63FE215D-98BE-4440-8081-C6160EFB80FA}.Win8Release|x64.Build.0 = Win8 Release|x64
		{63FE215D-98BE-4440-8081-C6160EFB80FA}.Win8Release|x64.Deploy.0 = Win8 Release|x64
	EndGlobalSection
	GlobalSection(SolutionProperties) = preSolution
		HideSolutionNode = FALSE
	EndGlobalSection
	GlobalSection(NestedProjects) = preSolution
		{911D7389-3E61-449F-B8F3-14AD7EE9A0F2} = {6BA8554E-AE50-49B0-9C98-4592447FEF8D}
		{63FE215D-98BE-4440-8081-C6160EFB80FA} = {4A841675-477D-40A2-9CC6-128C3B8714F8}
	EndGlobalSection
EndGlobal
