?
Microsoft Visual Studio Solution File, Format Version 12.00
# Visual Studio 2013
VisualStudioVersion = 12.0.31101.0
MinimumVisualStudioVersion = 10.0.40219.1
Project("{930C7802-8A8C-48F9-8165-68863BCCD9DD}") = "ovs-windows-installer", "ovs-windows-installer\ovs-windows-installer.wixproj", "{259905A2-7434-4190-8A33-8FBA67171DD6}"
EndProject
Global
	GlobalSection(SolutionConfigurationPlatforms) = preSolution
		Release|x86 = Release|x86
	EndGlobalSection
	GlobalSection(ProjectConfigurationPlatforms) = postSolution
		{259905A2-7434-4190-8A33-8FBA67171DD6}.Release|x86.ActiveCfg = Release|x86
		{259905A2-7434-4190-8A33-8FBA67171DD6}.Release|x86.Build.0 = Release|x86
	EndGlobalSection
	GlobalSection(SolutionProperties) = preSolution
		HideSolutionNode = FALSE
	EndGlobalSection
EndGlobal
